PODS:
  - Bugly (2.5.0)
  - Charts (3.5.0):
    - Charts/Core (= 3.5.0)
  - Charts/Core (3.5.0)
  - Differentiator (4.0.1)
  - FMDB (2.6.2):
    - FMDB/standard (= 2.6.2)
  - FMDB/standard (2.6.2)
  - HandyJSON (5.0.0)
  - Hero (1.5.0)
  - II18N (0.1.2)
  - IIAOPNBP (1.0.15):
    - IISwiftBaseUti
  - IIBaseComponents (0.1.3):
    - IIUIAndBizConfig
  - IIBLL (0.4.4):
    - IIBLL/BeeHive (= 0.4.4)
    - IIBLL/IBLL (= 0.4.4)
  - IIBLL/BeeHive (0.4.4)
  - IIBLL/IBLL (0.4.4):
    - IIBLL/BeeHive
  - IIComponents (0.3.4):
    - II18N
    - IIBaseComponents
    - IIComponents/AlertVw (= 0.3.4)
    - IIComponents/BaseWaitVw (= 0.3.4)
    - IIComponents/IIAlbumAndPhoto (= 0.3.4)
    - IIComponents/IIDatePickerView (= 0.3.4)
    - IIComponents/IMPPlus (= 0.3.4)
    - IIComponents/LVKeyboard (= 0.3.4)
    - IIComponents/MoreTab (= 0.3.4)
    - IIComponents/OTTablistVw (= 0.3.4)
    - IIComponents/OTVoice (= 0.3.4)
    - IIOCUtis
    - IISwiftBaseUti
    - IIUIAndBizConfig
    - SnapKit
  - IIComponents/AlertVw (0.3.4):
    - II18N
    - IIBaseComponents
    - IIOCUtis
    - IISwiftBaseUti
    - IIUIAndBizConfig
    - SnapKit
  - IIComponents/BaseWaitVw (0.3.4):
    - II18N
    - IIBaseComponents
    - IIOCUtis
    - IISwiftBaseUti
    - IIUIAndBizConfig
    - SnapKit
  - IIComponents/IIAlbumAndPhoto (0.3.4):
    - II18N
    - IIBaseComponents
    - IIComponents/AlertVw
    - IIOCUtis
    - IISwiftBaseUti
    - IIUIAndBizConfig
    - SnapKit
  - IIComponents/IIDatePickerView (0.3.4):
    - II18N
    - IIBaseComponents
    - IIOCUtis
    - IISwiftBaseUti
    - IIUIAndBizConfig
    - SnapKit
  - IIComponents/IMPPlus (0.3.4):
    - II18N
    - IIBaseComponents
    - IIOCUtis
    - IISwiftBaseUti
    - IIUIAndBizConfig
    - SnapKit
  - IIComponents/LVKeyboard (0.3.4):
    - II18N
    - IIBaseComponents
    - IIOCUtis
    - IISwiftBaseUti
    - IIUIAndBizConfig
    - SnapKit
  - IIComponents/MoreTab (0.3.4):
    - II18N
    - IIBaseComponents
    - IIOCUtis
    - IISwiftBaseUti
    - IIUIAndBizConfig
    - SnapKit
  - IIComponents/OTTablistVw (0.3.4):
    - II18N
    - IIBaseComponents
    - IIOCUtis
    - IISwiftBaseUti
    - IIUIAndBizConfig
    - SnapKit
  - IIComponents/OTVoice (0.3.4):
    - II18N
    - IIBaseComponents
    - IIOCUtis
    - IISwiftBaseUti
    - IIUIAndBizConfig
    - SnapKit
  - IIHTTPRequest (2.0.8):
    - II18N
    - IIHTTPRequest/Connectivity (= 2.0.8)
    - IIHTTPRequest/HTTPRequest (= 2.0.8)
    - IIHTTPRequest/HTTPSource (= 2.0.8)
    - IIHTTPRequest/RealReachability (= 2.0.8)
  - IIHTTPRequest/Connectivity (2.0.8):
    - II18N
    - IIHTTPRequest/RealReachability
  - IIHTTPRequest/HTTPRequest (2.0.8):
    - II18N
    - IIHTTPRequest/Connectivity
    - IIHTTPRequest/HTTPSource
    - IIHTTPRequest/RealReachability
  - IIHTTPRequest/HTTPSource (2.0.8):
    - II18N
  - IIHTTPRequest/RealReachability (2.0.8):
    - II18N
  - IINETObserver (1.0.0):
    - IIAOPNBP
    - IIBaseComponents
    - IIHTTPRequest
    - IIOCUtis
    - IISwiftBaseUti
    - IIUIAndBizConfig
    - SnapKit (= 4.2.0)
  - IIOCUtis (2.0.0):
    - FMDB
    - II18N
    - IIOCUtis/AccessToken (= 2.0.0)
    - IIOCUtis/Cache (= 2.0.0)
    - IIOCUtis/Constant (= 2.0.0)
    - IIOCUtis/GETDevice (= 2.0.0)
    - IIOCUtis/IIMJRefresh (= 2.0.0)
    - IIOCUtis/IIProgressHUD (= 2.0.0)
    - IIOCUtis/IIRouteAlert (= 2.0.0)
    - IIOCUtis/SBJSON (= 2.0.0)
    - IIOCUtis/UserInfoDisplay (= 2.0.0)
    - IIOCUtis/UTI (= 2.0.0)
    - MJExtension
    - SDWebImage
    - Toast
  - IIOCUtis/AccessToken (2.0.0):
    - FMDB
    - II18N
    - MJExtension
    - SDWebImage
    - Toast
  - IIOCUtis/Cache (2.0.0):
    - FMDB
    - II18N
    - MJExtension
    - SDWebImage
    - Toast
  - IIOCUtis/Constant (2.0.0):
    - FMDB
    - II18N
    - IIOCUtis/Cache
    - MJExtension
    - SDWebImage
    - Toast
  - IIOCUtis/GETDevice (2.0.0):
    - FMDB
    - II18N
    - MJExtension
    - SDWebImage
    - Toast
  - IIOCUtis/IIMJRefresh (2.0.0):
    - FMDB
    - II18N
    - MJExtension
    - SDWebImage
    - Toast
  - IIOCUtis/IIProgressHUD (2.0.0):
    - FMDB
    - II18N
    - MJExtension
    - SDWebImage
    - Toast
  - IIOCUtis/IIRouteAlert (2.0.0):
    - FMDB
    - II18N
    - MJExtension
    - SDWebImage
    - Toast
  - IIOCUtis/SBJSON (2.0.0):
    - FMDB
    - II18N
    - MJExtension
    - SDWebImage
    - Toast
  - IIOCUtis/UserInfoDisplay (2.0.0):
    - FMDB
    - II18N
    - IIOCUtis/Cache
    - IIOCUtis/Constant
    - MJExtension
    - SDWebImage
    - Toast
  - IIOCUtis/UTI (2.0.0):
    - FMDB
    - II18N
    - MJExtension
    - SDWebImage
    - Toast
  - IISecurity (0.5.6):
    - IIBLL
    - IISecurity/DeviceSafeTool (= 0.5.6)
    - IISecurity/Exchange (= 0.5.6)
    - IISecurity/IISecurity (= 0.5.6)
    - IISwiftBaseUti
    - OpenSSL-Universal (= 1.0.2.17)
  - IISecurity/DeviceSafeTool (0.5.6):
    - IIBLL
    - IISwiftBaseUti
    - OpenSSL-Universal (= 1.0.2.17)
  - IISecurity/Exchange (0.5.6):
    - IIBLL
    - IISwiftBaseUti
    - OpenSSL-Universal (= 1.0.2.17)
  - IISecurity/IISecurity (0.5.6):
    - IIBLL
    - IISwiftBaseUti
    - OpenSSL-Universal (= 1.0.2.17)
  - IISwiftBaseUti (1.4.0):
    - II18N
    - IISwiftBaseUti/IIAspects (= 1.4.0)
    - IISwiftBaseUti/IIBaseUti (= 1.4.0)
    - IISwiftBaseUti/IICacheStorage (= 1.4.0)
    - IISwiftBaseUti/IIComponent (= 1.4.0)
    - IISwiftBaseUti/IICoreExtension (= 1.4.0)
    - IISwiftBaseUti/IIHardWareAuthRequest (= 1.4.0)
    - IISwiftBaseUti/IIRecognition (= 1.4.0)
    - IISwiftBaseUti/IISearchBar (= 1.4.0)
    - IISwiftBaseUti/YYCache (= 1.4.0)
    - RxCocoa
    - RxDataSources
    - RxSwift
    - SnapKit (~> 4.2.0)
  - IISwiftBaseUti/IIAspects (1.4.0):
    - II18N
    - RxCocoa
    - RxDataSources
    - RxSwift
    - SnapKit (~> 4.2.0)
  - IISwiftBaseUti/IIBaseUti (1.4.0):
    - II18N
    - RxCocoa
    - RxDataSources
    - RxSwift
    - SnapKit (~> 4.2.0)
  - IISwiftBaseUti/IICacheStorage (1.4.0):
    - II18N
    - IISwiftBaseUti/YYCache
    - RxCocoa
    - RxDataSources
    - RxSwift
    - SnapKit (~> 4.2.0)
  - IISwiftBaseUti/IIComponent (1.4.0):
    - II18N
    - RxCocoa
    - RxDataSources
    - RxSwift
    - SnapKit (~> 4.2.0)
  - IISwiftBaseUti/IICoreExtension (1.4.0):
    - II18N
    - RxCocoa
    - RxDataSources
    - RxSwift
    - SnapKit (~> 4.2.0)
  - IISwiftBaseUti/IIHardWareAuthRequest (1.4.0):
    - II18N
    - IISwiftBaseUti/IIBaseUti
    - RxCocoa
    - RxDataSources
    - RxSwift
    - SnapKit (~> 4.2.0)
  - IISwiftBaseUti/IIRecognition (1.4.0):
    - II18N
    - IISwiftBaseUti/IICoreExtension
    - RxCocoa
    - RxDataSources
    - RxSwift
    - SnapKit (~> 4.2.0)
  - IISwiftBaseUti/IISearchBar (1.4.0):
    - II18N
    - RxCocoa
    - RxDataSources
    - RxSwift
    - SnapKit (~> 4.2.0)
  - IISwiftBaseUti/YYCache (1.4.0):
    - II18N
    - RxCocoa
    - RxDataSources
    - RxSwift
    - SnapKit (~> 4.2.0)
  - IIUIAndBizConfig (0.1.16):
    - IIBLL
    - IISwiftBaseUti
    - IIUIAndBizConfig/BizConfig (= 0.1.16)
    - IIUIAndBizConfig/UIConfig (= 0.1.16)
  - IIUIAndBizConfig/BizConfig (0.1.16):
    - IIBLL
    - IISwiftBaseUti
  - IIUIAndBizConfig/UIConfig (0.1.16):
    - IIBLL
    - IISwiftBaseUti
  - MBProgressHUD (1.2.0)
  - MJExtension (3.2.1)
  - mob_sharesdk (4.3.8):
    - mob_sharesdk/ShareSDK (= 4.3.8)
    - MOBFoundation (>= 3.2.9)
  - mob_sharesdk/ShareSDK (4.3.8):
    - MOBFoundation (>= 3.2.9)
  - mob_sharesdk/ShareSDKConfigFile (4.3.8):
    - mob_sharesdk/ShareSDK
    - MOBFoundation (>= 3.2.9)
  - mob_sharesdk/ShareSDKExtension (4.3.8):
    - mob_sharesdk/ShareSDK
    - MOBFoundation (>= 3.2.9)
  - mob_sharesdk/ShareSDKPlatforms/AliPaySocial (4.3.8):
    - mob_sharesdk/ShareSDK
    - MOBFoundation (>= 3.2.9)
  - mob_sharesdk/ShareSDKPlatforms/DingTalk (4.3.8):
    - mob_sharesdk/ShareSDK
    - MOBFoundation (>= 3.2.9)
  - mob_sharesdk/ShareSDKPlatforms/QQ (4.3.8):
    - mob_sharesdk/ShareSDK
    - MOBFoundation (>= 3.2.9)
  - mob_sharesdk/ShareSDKPlatforms/SinaWeibo (4.3.8):
    - mob_sharesdk/ShareSDK
    - MOBFoundation (>= 3.2.9)
  - mob_sharesdk/ShareSDKPlatforms/SMS (4.3.8):
    - mob_sharesdk/ShareSDK
    - MOBFoundation (>= 3.2.9)
  - mob_sharesdk/ShareSDKPlatforms/WeChat (4.3.8):
    - mob_sharesdk/ShareSDK
    - MOBFoundation (>= 3.2.9)
  - mob_sharesdk/ShareSDKUI (4.3.8):
    - mob_sharesdk/ShareSDK
    - MOBFoundation (>= 3.2.9)
  - MOBFoundation (3.2.16)
  - OpenSSL-Universal (1.0.2.17)
  - RxCocoa (5.0.0):
    - RxRelay (~> 5)
    - RxSwift (~> 5)
  - RxDataSources (4.0.1):
    - Differentiator (~> 4.0)
    - RxCocoa (~> 5.0)
    - RxSwift (~> 5.0)
  - RxRelay (5.0.0):
    - RxSwift (~> 5)
  - RxSwift (5.0.0)
  - SDWebImage (5.0.0):
    - SDWebImage/Core (= 5.0.0)
  - SDWebImage/Core (5.0.0)
  - SnapKit (4.2.0)
  - SwiftyJSON (5.0.0)
  - TencentMap-SDK (4.3.2)
  - Toast (4.0.0)

DEPENDENCIES:
  - Bugly (= 2.5.0)
  - Charts
  - FMDB (= 2.6.2)
  - HandyJSON (= 5.0.0)
  - Hero
  - II18N
  - IIAOPNBP
  - IIBaseComponents (= 0.1.3)
  - IIBLL (= 0.4.4)
  - IIComponents (= 0.3.4)
  - IIHTTPRequest (= 2.0.8)
  - IINETObserver (= 1.0.0)
  - IIOCUtis (= 2.0.0)
  - IISecurity (= 0.5.6)
  - IISwiftBaseUti (= 1.4.0)
  - IIUIAndBizConfig
  - MBProgressHUD (= 1.2.0)
  - MJExtension (= 3.2.1)
  - mob_sharesdk
  - mob_sharesdk/ShareSDKConfigFile
  - mob_sharesdk/ShareSDKExtension
  - mob_sharesdk/ShareSDKPlatforms/AliPaySocial
  - mob_sharesdk/ShareSDKPlatforms/DingTalk
  - mob_sharesdk/ShareSDKPlatforms/QQ
  - mob_sharesdk/ShareSDKPlatforms/SinaWeibo
  - mob_sharesdk/ShareSDKPlatforms/SMS
  - mob_sharesdk/ShareSDKPlatforms/WeChat
  - mob_sharesdk/ShareSDKUI
  - RxCocoa (= 5.0.0)
  - RxRelay (= 5.0.0)
  - RxSwift (= 5.0.0)
  - SDWebImage (= 5.0.0)
  - SnapKit (= 4.2.0)
  - SwiftyJSON (= 5.0.0)
  - TencentMap-SDK

SPEC REPOS:
  https://github.com/cocoapods/specs.git:
    - Bugly
    - Charts
    - Differentiator
    - FMDB
    - HandyJSON
    - Hero
    - II18N
    - IIAOPNBP
    - IIBaseComponents
    - IIBLL
    - IIComponents
    - IIHTTPRequest
    - IINETObserver
    - IIOCUtis
    - IISecurity
    - IISwiftBaseUti
    - IIUIAndBizConfig
    - MBProgressHUD
    - MJExtension
    - mob_sharesdk
    - MOBFoundation
    - OpenSSL-Universal
    - RxCocoa
    - RxDataSources
    - RxRelay
    - RxSwift
    - SDWebImage
    - SnapKit
    - SwiftyJSON
    - TencentMap-SDK
    - Toast

SPEC CHECKSUMS:
  Bugly: 3ca9f255c01025582df26f9222893b383c7e4b4e
  Charts: 40a08591df1f8ad5c223ddedfb1a06da92f24f7c
  Differentiator: 886080237d9f87f322641dedbc5be257061b0602
  FMDB: 854a0341b4726e53276f2a8996f06f1b80f9259a
  HandyJSON: 992f2d661716d6a91de82d0056927bc7813b5770
  Hero: b7385b75e7259da62f4f85462f59a5082d66b058
  II18N: 78fb02d83e49ae805d2b24c3a060264c3399436d
  IIAOPNBP: 2c1a0a2f559c75a0867b8e0c8946de071ef8209e
  IIBaseComponents: 230e811fe2be001af1db1685c284da6dbe0b3e47
  IIBLL: 195b495f33f8b968e60a5d3d418ac9ab17232b3d
  IIComponents: 2cfdd809728e0dc9ee9a57949bd0577e82d08388
  IIHTTPRequest: 519c3d1a630678f695431c159fb44d2b539f9478
  IINETObserver: 23ca1b373d684efa70fadb4b154f7b32d18e2dbb
  IIOCUtis: a86794bd944524dc8935daed57987ac0eaf129b1
  IISecurity: 040ee341525f3070904fe9c4649c03d8588fce23
  IISwiftBaseUti: 3e594f2fcb268c77a9983f8391788c8ebfb42f58
  IIUIAndBizConfig: 66d5e9c14dee6a3bd660cbb3430cec863c1f3d97
  MBProgressHUD: 3ee5efcc380f6a79a7cc9b363dd669c5e1ae7406
  MJExtension: 635f2c663dcb1bf76fa4b715b2570a5710aec545
  mob_sharesdk: 7689cb066326e50d99c9fb552d5d608ae3b63025
  MOBFoundation: 204917a048271f7300434a2067ce2d4d149d124b
  OpenSSL-Universal: ff04c2e6befc3f1247ae039e60c93f76345b3b5a
  RxCocoa: fcf32050ac00d801f34a7f71d5e8e7f23026dcd8
  RxDataSources: efee07fa4de48477eca0a4611e6d11e2da9c1114
  RxRelay: 4f7409406a51a55cd88483f21ed898c234d60f18
  RxSwift: 8b0671caa829a763bbce7271095859121cbd895f
  SDWebImage: 5de80a0302de9e377e62f47d2fa1304efff0e55f
  SnapKit: fe8a619752f3f27075cc9a90244d75c6c3f27e2a
  SwiftyJSON: 36413e04c44ee145039d332b4f4e2d3e8d6c4db7
  TencentMap-SDK: 385e59541a65ea6ed1a38ae08f29d775ccf6e0a8
  Toast: 91b396c56ee72a5790816f40d3a94dd357abc196

PODFILE CHECKSUM: c460a8fd5466a0eaad177bb6f5c18057695d0d33

COCOAPODS: 1.7.1
