// !$*UTF8*$!
{
	archiveVersion = 1;
	classes = {
	};
	objectVersion = 51;
	objects = {

/* Begin PBXBuildFile section */
		4D5B98B5C6C66D716D4DB96A /* libPods-NightBusiness.a in Frameworks */ = {isa = PBXBuildFile; fileRef = B629AE1BDA539A4FFBED49A2 /* libPods-NightBusiness.a */; };
		560CEF1424AF02DA007A4558 /* emptyvw in Resources */ = {isa = PBXBuildFile; fileRef = 560CEF0F24AF02DA007A4558 /* emptyvw */; };
		560CEF1524AF02DA007A4558 /* MainTabbarVM.swift in Sources */ = {isa = PBXBuildFile; fileRef = 560CEF1124AF02DA007A4558 /* MainTabbarVM.swift */; };
		560CEF1624AF02DA007A4558 /* MainTabbarViewController.swift in Sources */ = {isa = PBXBuildFile; fileRef = 560CEF1324AF02DA007A4558 /* MainTabbarViewController.swift */; };
		560CEF2224AF09BB007A4558 /* MainpageViewController.swift in Sources */ = {isa = PBXBuildFile; fileRef = 560CEF1E24AF09BB007A4558 /* MainpageViewController.swift */; };
		560CEF2324AF09BB007A4558 /* MainpageVM.swift in Sources */ = {isa = PBXBuildFile; fileRef = 560CEF2024AF09BB007A4558 /* MainpageVM.swift */; };
		560CEF2524AF0AD7007A4558 /* NBMainpagetopVw.swift in Sources */ = {isa = PBXBuildFile; fileRef = 560CEF2424AF0AD7007A4558 /* NBMainpagetopVw.swift */; };
		56424FAF24AD8953000BEAFC /* NBPersoncenterUserNormalTableViewCell.swift in Sources */ = {isa = PBXBuildFile; fileRef = 56424FAD24AD8953000BEAFC /* NBPersoncenterUserNormalTableViewCell.swift */; };
		56424FB024AD8953000BEAFC /* NBPersoncenterUserNormalTableViewCell.xib in Resources */ = {isa = PBXBuildFile; fileRef = 56424FAE24AD8953000BEAFC /* NBPersoncenterUserNormalTableViewCell.xib */; };
		56424FB324AD8DBD000BEAFC /* NBPersoncenterLogoutTableViewCell.swift in Sources */ = {isa = PBXBuildFile; fileRef = 56424FB124AD8DBD000BEAFC /* NBPersoncenterLogoutTableViewCell.swift */; };
		56424FB424AD8DBD000BEAFC /* NBPersoncenterLogoutTableViewCell.xib in Resources */ = {isa = PBXBuildFile; fileRef = 56424FB224AD8DBD000BEAFC /* NBPersoncenterLogoutTableViewCell.xib */; };
		56C3699524AC706F00770439 /* AppDelegate.swift in Sources */ = {isa = PBXBuildFile; fileRef = 56C3699424AC706F00770439 /* AppDelegate.swift */; };
		56C3699724AC706F00770439 /* SceneDelegate.swift in Sources */ = {isa = PBXBuildFile; fileRef = 56C3699624AC706F00770439 /* SceneDelegate.swift */; };
		56C3699924AC706F00770439 /* ViewController.swift in Sources */ = {isa = PBXBuildFile; fileRef = 56C3699824AC706F00770439 /* ViewController.swift */; };
		56C3699C24AC706F00770439 /* Main.storyboard in Resources */ = {isa = PBXBuildFile; fileRef = 56C3699A24AC706F00770439 /* Main.storyboard */; };
		56C3699E24AC707100770439 /* Assets.xcassets in Resources */ = {isa = PBXBuildFile; fileRef = 56C3699D24AC707100770439 /* Assets.xcassets */; };
		56C369A124AC707100770439 /* LaunchScreen.storyboard in Resources */ = {isa = PBXBuildFile; fileRef = 56C3699F24AC707100770439 /* LaunchScreen.storyboard */; };
		56C369AC24AC707100770439 /* NightBusinessTests.swift in Sources */ = {isa = PBXBuildFile; fileRef = 56C369AB24AC707100770439 /* NightBusinessTests.swift */; };
		56C369B724AC707100770439 /* NightBusinessUITests.swift in Sources */ = {isa = PBXBuildFile; fileRef = 56C369B624AC707100770439 /* NightBusinessUITests.swift */; };
		56C369D224AC728500770439 /* PersonCenterVM.swift in Sources */ = {isa = PBXBuildFile; fileRef = 56C369CD24AC728500770439 /* PersonCenterVM.swift */; };
		56C369D324AC728500770439 /* PersonCenterViewController.swift in Sources */ = {isa = PBXBuildFile; fileRef = 56C369CF24AC728500770439 /* PersonCenterViewController.swift */; };
		56C369D624AC734800770439 /* IHTBaseSwiftViewController.swift in Sources */ = {isa = PBXBuildFile; fileRef = 56C369D524AC734800770439 /* IHTBaseSwiftViewController.swift */; };
		56C369D824AC738D00770439 /* IHTUIConfig.swift in Sources */ = {isa = PBXBuildFile; fileRef = 56C369D724AC738D00770439 /* IHTUIConfig.swift */; };
		56DCADD424AC7C6C00D8E69E /* NBPersonCenterVModel.swift in Sources */ = {isa = PBXBuildFile; fileRef = 56DCADD324AC7C6C00D8E69E /* NBPersonCenterVModel.swift */; };
		56DCADD724AC7DBE00D8E69E /* NBPersonCenterUserTableViewCell.swift in Sources */ = {isa = PBXBuildFile; fileRef = 56DCADD524AC7DBE00D8E69E /* NBPersonCenterUserTableViewCell.swift */; };
		56DCADD824AC7DBE00D8E69E /* NBPersonCenterUserTableViewCell.xib in Resources */ = {isa = PBXBuildFile; fileRef = 56DCADD624AC7DBE00D8E69E /* NBPersonCenterUserTableViewCell.xib */; };
		56DCADDB24AC841800D8E69E /* NBPersonCenterGroupTableViewCell.swift in Sources */ = {isa = PBXBuildFile; fileRef = 56DCADD924AC841800D8E69E /* NBPersonCenterGroupTableViewCell.swift */; };
		56DCADDC24AC841800D8E69E /* NBPersonCenterGroupTableViewCell.xib in Resources */ = {isa = PBXBuildFile; fileRef = 56DCADDA24AC841800D8E69E /* NBPersonCenterGroupTableViewCell.xib */; };
		56DCADDF24AC8B0200D8E69E /* NBBizConfig.swift in Sources */ = {isa = PBXBuildFile; fileRef = 56DCADDE24AC8B0200D8E69E /* NBBizConfig.swift */; };
/* End PBXBuildFile section */

/* Begin PBXContainerItemProxy section */
		56C369A824AC707100770439 /* PBXContainerItemProxy */ = {
			isa = PBXContainerItemProxy;
			containerPortal = 56C3698924AC706F00770439 /* Project object */;
			proxyType = 1;
			remoteGlobalIDString = 56C3699024AC706F00770439;
			remoteInfo = NightBusiness;
		};
		56C369B324AC707100770439 /* PBXContainerItemProxy */ = {
			isa = PBXContainerItemProxy;
			containerPortal = 56C3698924AC706F00770439 /* Project object */;
			proxyType = 1;
			remoteGlobalIDString = 56C3699024AC706F00770439;
			remoteInfo = NightBusiness;
		};
/* End PBXContainerItemProxy section */

/* Begin PBXFileReference section */
		2D5811A444AA8DD2BA3A0D4B /* Pods-NightBusiness.debug.xcconfig */ = {isa = PBXFileReference; includeInIndex = 1; lastKnownFileType = text.xcconfig; name = "Pods-NightBusiness.debug.xcconfig"; path = "Target Support Files/Pods-NightBusiness/Pods-NightBusiness.debug.xcconfig"; sourceTree = "<group>"; };
		560CEF0F24AF02DA007A4558 /* emptyvw */ = {isa = PBXFileReference; fileEncoding = 4; lastKnownFileType = text; path = emptyvw; sourceTree = "<group>"; };
		560CEF1124AF02DA007A4558 /* MainTabbarVM.swift */ = {isa = PBXFileReference; fileEncoding = 4; lastKnownFileType = sourcecode.swift; path = MainTabbarVM.swift; sourceTree = "<group>"; };
		560CEF1324AF02DA007A4558 /* MainTabbarViewController.swift */ = {isa = PBXFileReference; fileEncoding = 4; lastKnownFileType = sourcecode.swift; path = MainTabbarViewController.swift; sourceTree = "<group>"; };
		560CEF1E24AF09BB007A4558 /* MainpageViewController.swift */ = {isa = PBXFileReference; fileEncoding = 4; lastKnownFileType = sourcecode.swift; path = MainpageViewController.swift; sourceTree = "<group>"; };
		560CEF2024AF09BB007A4558 /* MainpageVM.swift */ = {isa = PBXFileReference; fileEncoding = 4; lastKnownFileType = sourcecode.swift; path = MainpageVM.swift; sourceTree = "<group>"; };
		560CEF2424AF0AD7007A4558 /* NBMainpagetopVw.swift */ = {isa = PBXFileReference; lastKnownFileType = sourcecode.swift; path = NBMainpagetopVw.swift; sourceTree = "<group>"; };
		56424FAD24AD8953000BEAFC /* NBPersoncenterUserNormalTableViewCell.swift */ = {isa = PBXFileReference; lastKnownFileType = sourcecode.swift; path = NBPersoncenterUserNormalTableViewCell.swift; sourceTree = "<group>"; };
		56424FAE24AD8953000BEAFC /* NBPersoncenterUserNormalTableViewCell.xib */ = {isa = PBXFileReference; lastKnownFileType = file.xib; path = NBPersoncenterUserNormalTableViewCell.xib; sourceTree = "<group>"; };
		56424FB124AD8DBD000BEAFC /* NBPersoncenterLogoutTableViewCell.swift */ = {isa = PBXFileReference; lastKnownFileType = sourcecode.swift; path = NBPersoncenterLogoutTableViewCell.swift; sourceTree = "<group>"; };
		56424FB224AD8DBD000BEAFC /* NBPersoncenterLogoutTableViewCell.xib */ = {isa = PBXFileReference; lastKnownFileType = file.xib; path = NBPersoncenterLogoutTableViewCell.xib; sourceTree = "<group>"; };
		56C3699124AC706F00770439 /* NightBusiness.app */ = {isa = PBXFileReference; explicitFileType = wrapper.application; includeInIndex = 0; path = NightBusiness.app; sourceTree = BUILT_PRODUCTS_DIR; };
		56C3699424AC706F00770439 /* AppDelegate.swift */ = {isa = PBXFileReference; lastKnownFileType = sourcecode.swift; path = AppDelegate.swift; sourceTree = "<group>"; };
		56C3699624AC706F00770439 /* SceneDelegate.swift */ = {isa = PBXFileReference; lastKnownFileType = sourcecode.swift; path = SceneDelegate.swift; sourceTree = "<group>"; };
		56C3699824AC706F00770439 /* ViewController.swift */ = {isa = PBXFileReference; lastKnownFileType = sourcecode.swift; path = ViewController.swift; sourceTree = "<group>"; };
		56C3699B24AC706F00770439 /* Base */ = {isa = PBXFileReference; lastKnownFileType = file.storyboard; name = Base; path = Base.lproj/Main.storyboard; sourceTree = "<group>"; };
		56C3699D24AC707100770439 /* Assets.xcassets */ = {isa = PBXFileReference; lastKnownFileType = folder.assetcatalog; path = Assets.xcassets; sourceTree = "<group>"; };
		56C369A024AC707100770439 /* Base */ = {isa = PBXFileReference; lastKnownFileType = file.storyboard; name = Base; path = Base.lproj/LaunchScreen.storyboard; sourceTree = "<group>"; };
		56C369A224AC707100770439 /* Info.plist */ = {isa = PBXFileReference; lastKnownFileType = text.plist.xml; path = Info.plist; sourceTree = "<group>"; };
		56C369A724AC707100770439 /* NightBusinessTests.xctest */ = {isa = PBXFileReference; explicitFileType = wrapper.cfbundle; includeInIndex = 0; path = NightBusinessTests.xctest; sourceTree = BUILT_PRODUCTS_DIR; };
		56C369AB24AC707100770439 /* NightBusinessTests.swift */ = {isa = PBXFileReference; lastKnownFileType = sourcecode.swift; path = NightBusinessTests.swift; sourceTree = "<group>"; };
		56C369AD24AC707100770439 /* Info.plist */ = {isa = PBXFileReference; lastKnownFileType = text.plist.xml; path = Info.plist; sourceTree = "<group>"; };
		56C369B224AC707100770439 /* NightBusinessUITests.xctest */ = {isa = PBXFileReference; explicitFileType = wrapper.cfbundle; includeInIndex = 0; path = NightBusinessUITests.xctest; sourceTree = BUILT_PRODUCTS_DIR; };
		56C369B624AC707100770439 /* NightBusinessUITests.swift */ = {isa = PBXFileReference; lastKnownFileType = sourcecode.swift; path = NightBusinessUITests.swift; sourceTree = "<group>"; };
		56C369B824AC707100770439 /* Info.plist */ = {isa = PBXFileReference; lastKnownFileType = text.plist.xml; path = Info.plist; sourceTree = "<group>"; };
		56C369CD24AC728500770439 /* PersonCenterVM.swift */ = {isa = PBXFileReference; fileEncoding = 4; lastKnownFileType = sourcecode.swift; path = PersonCenterVM.swift; sourceTree = "<group>"; };
		56C369CF24AC728500770439 /* PersonCenterViewController.swift */ = {isa = PBXFileReference; fileEncoding = 4; lastKnownFileType = sourcecode.swift; path = PersonCenterViewController.swift; sourceTree = "<group>"; };
		56C369D524AC734800770439 /* IHTBaseSwiftViewController.swift */ = {isa = PBXFileReference; lastKnownFileType = sourcecode.swift; path = IHTBaseSwiftViewController.swift; sourceTree = "<group>"; };
		56C369D724AC738D00770439 /* IHTUIConfig.swift */ = {isa = PBXFileReference; lastKnownFileType = sourcecode.swift; path = IHTUIConfig.swift; sourceTree = "<group>"; };
		56DCADD324AC7C6C00D8E69E /* NBPersonCenterVModel.swift */ = {isa = PBXFileReference; lastKnownFileType = sourcecode.swift; path = NBPersonCenterVModel.swift; sourceTree = "<group>"; };
		56DCADD524AC7DBE00D8E69E /* NBPersonCenterUserTableViewCell.swift */ = {isa = PBXFileReference; lastKnownFileType = sourcecode.swift; path = NBPersonCenterUserTableViewCell.swift; sourceTree = "<group>"; };
		56DCADD624AC7DBE00D8E69E /* NBPersonCenterUserTableViewCell.xib */ = {isa = PBXFileReference; lastKnownFileType = file.xib; path = NBPersonCenterUserTableViewCell.xib; sourceTree = "<group>"; };
		56DCADD924AC841800D8E69E /* NBPersonCenterGroupTableViewCell.swift */ = {isa = PBXFileReference; lastKnownFileType = sourcecode.swift; path = NBPersonCenterGroupTableViewCell.swift; sourceTree = "<group>"; };
		56DCADDA24AC841800D8E69E /* NBPersonCenterGroupTableViewCell.xib */ = {isa = PBXFileReference; lastKnownFileType = file.xib; path = NBPersonCenterGroupTableViewCell.xib; sourceTree = "<group>"; };
		56DCADDE24AC8B0200D8E69E /* NBBizConfig.swift */ = {isa = PBXFileReference; lastKnownFileType = sourcecode.swift; path = NBBizConfig.swift; sourceTree = "<group>"; };
		8185420DA230179A7BC443A5 /* Pods-NightBusiness.release.xcconfig */ = {isa = PBXFileReference; includeInIndex = 1; lastKnownFileType = text.xcconfig; name = "Pods-NightBusiness.release.xcconfig"; path = "Target Support Files/Pods-NightBusiness/Pods-NightBusiness.release.xcconfig"; sourceTree = "<group>"; };
		B629AE1BDA539A4FFBED49A2 /* libPods-NightBusiness.a */ = {isa = PBXFileReference; explicitFileType = archive.ar; includeInIndex = 0; path = "libPods-NightBusiness.a"; sourceTree = BUILT_PRODUCTS_DIR; };
/* End PBXFileReference section */

/* Begin PBXFrameworksBuildPhase section */
		56C3698E24AC706F00770439 /* Frameworks */ = {
			isa = PBXFrameworksBuildPhase;
			buildActionMask = 2147483647;
			files = (
				4D5B98B5C6C66D716D4DB96A /* libPods-NightBusiness.a in Frameworks */,
			);
			runOnlyForDeploymentPostprocessing = 0;
		};
		56C369A424AC707100770439 /* Frameworks */ = {
			isa = PBXFrameworksBuildPhase;
			buildActionMask = 2147483647;
			files = (
			);
			runOnlyForDeploymentPostprocessing = 0;
		};
		56C369AF24AC707100770439 /* Frameworks */ = {
			isa = PBXFrameworksBuildPhase;
			buildActionMask = 2147483647;
			files = (
			);
			runOnlyForDeploymentPostprocessing = 0;
		};
/* End PBXFrameworksBuildPhase section */

/* Begin PBXGroup section */
		560CEF0D24AF02DA007A4558 /* MainTabbarModule */ = {
			isa = PBXGroup;
			children = (
				560CEF0E24AF02DA007A4558 /* MainTabbarModule_V */,
				560CEF1024AF02DA007A4558 /* MainTabbarModule_VM */,
				560CEF1224AF02DA007A4558 /* MainTabbarModule_C */,
			);
			path = MainTabbarModule;
			sourceTree = "<group>";
		};
		560CEF0E24AF02DA007A4558 /* MainTabbarModule_V */ = {
			isa = PBXGroup;
			children = (
				560CEF0F24AF02DA007A4558 /* emptyvw */,
			);
			path = MainTabbarModule_V;
			sourceTree = "<group>";
		};
		560CEF1024AF02DA007A4558 /* MainTabbarModule_VM */ = {
			isa = PBXGroup;
			children = (
				560CEF1124AF02DA007A4558 /* MainTabbarVM.swift */,
			);
			path = MainTabbarModule_VM;
			sourceTree = "<group>";
		};
		560CEF1224AF02DA007A4558 /* MainTabbarModule_C */ = {
			isa = PBXGroup;
			children = (
				560CEF1324AF02DA007A4558 /* MainTabbarViewController.swift */,
			);
			path = MainTabbarModule_C;
			sourceTree = "<group>";
		};
		560CEF1A24AF09BB007A4558 /* MainpageModule */ = {
			isa = PBXGroup;
			children = (
				560CEF1B24AF09BB007A4558 /* MainpageModule_V */,
				560CEF1D24AF09BB007A4558 /* MainpageModule_C */,
				560CEF1F24AF09BB007A4558 /* MainpageModule_VM */,
			);
			path = MainpageModule;
			sourceTree = "<group>";
		};
		560CEF1B24AF09BB007A4558 /* MainpageModule_V */ = {
			isa = PBXGroup;
			children = (
				560CEF2424AF0AD7007A4558 /* NBMainpagetopVw.swift */,
			);
			path = MainpageModule_V;
			sourceTree = "<group>";
		};
		560CEF1D24AF09BB007A4558 /* MainpageModule_C */ = {
			isa = PBXGroup;
			children = (
				560CEF1E24AF09BB007A4558 /* MainpageViewController.swift */,
			);
			path = MainpageModule_C;
			sourceTree = "<group>";
		};
		560CEF1F24AF09BB007A4558 /* MainpageModule_VM */ = {
			isa = PBXGroup;
			children = (
				560CEF2024AF09BB007A4558 /* MainpageVM.swift */,
			);
			path = MainpageModule_VM;
			sourceTree = "<group>";
		};
		56C3698824AC706F00770439 = {
			isa = PBXGroup;
			children = (
				56C3699324AC706F00770439 /* NightBusiness */,
				56C369AA24AC707100770439 /* NightBusinessTests */,
				56C369B524AC707100770439 /* NightBusinessUITests */,
				56C3699224AC706F00770439 /* Products */,
				C8C94A373546EDD3055F426A /* Pods */,
				74F6F8DC50AF51241DF5B366 /* Frameworks */,
			);
			sourceTree = "<group>";
		};
		56C3699224AC706F00770439 /* Products */ = {
			isa = PBXGroup;
			children = (
				56C3699124AC706F00770439 /* NightBusiness.app */,
				56C369A724AC707100770439 /* NightBusinessTests.xctest */,
				56C369B224AC707100770439 /* NightBusinessUITests.xctest */,
			);
			name = Products;
			sourceTree = "<group>";
		};
		56C3699324AC706F00770439 /* NightBusiness */ = {
			isa = PBXGroup;
			children = (
				56C369C824AC726900770439 /* UTI */,
				56C369C724AC726500770439 /* MODEL */,
				56C369C624AC725F00770439 /* USL */,
				56C369C524AC725A00770439 /* BLL */,
				56C369C424AC725500770439 /* DAL */,
				56C3699424AC706F00770439 /* AppDelegate.swift */,
				56C3699624AC706F00770439 /* SceneDelegate.swift */,
				56C3699824AC706F00770439 /* ViewController.swift */,
				56C3699A24AC706F00770439 /* Main.storyboard */,
				56C3699D24AC707100770439 /* Assets.xcassets */,
				56C3699F24AC707100770439 /* LaunchScreen.storyboard */,
				56C369A224AC707100770439 /* Info.plist */,
			);
			path = NightBusiness;
			sourceTree = "<group>";
		};
		56C369AA24AC707100770439 /* NightBusinessTests */ = {
			isa = PBXGroup;
			children = (
				56C369AB24AC707100770439 /* NightBusinessTests.swift */,
				56C369AD24AC707100770439 /* Info.plist */,
			);
			path = NightBusinessTests;
			sourceTree = "<group>";
		};
		56C369B524AC707100770439 /* NightBusinessUITests */ = {
			isa = PBXGroup;
			children = (
				56C369B624AC707100770439 /* NightBusinessUITests.swift */,
				56C369B824AC707100770439 /* Info.plist */,
			);
			path = NightBusinessUITests;
			sourceTree = "<group>";
		};
		56C369C424AC725500770439 /* DAL */ = {
			isa = PBXGroup;
			children = (
			);
			path = DAL;
			sourceTree = "<group>";
		};
		56C369C524AC725A00770439 /* BLL */ = {
			isa = PBXGroup;
			children = (
			);
			path = BLL;
			sourceTree = "<group>";
		};
		56C369C624AC725F00770439 /* USL */ = {
			isa = PBXGroup;
			children = (
				560CEF1A24AF09BB007A4558 /* MainpageModule */,
				560CEF0D24AF02DA007A4558 /* MainTabbarModule */,
				56C369CB24AC728500770439 /* PersonCenterModule */,
			);
			path = USL;
			sourceTree = "<group>";
		};
		56C369C724AC726500770439 /* MODEL */ = {
			isa = PBXGroup;
			children = (
			);
			path = MODEL;
			sourceTree = "<group>";
		};
		56C369C824AC726900770439 /* UTI */ = {
			isa = PBXGroup;
			children = (
				56DCADDD24AC8AF200D8E69E /* BizUti */,
				56C369D924AC73D400770439 /* UIUti */,
			);
			path = UTI;
			sourceTree = "<group>";
		};
		56C369CB24AC728500770439 /* PersonCenterModule */ = {
			isa = PBXGroup;
			children = (
				56C369CC24AC728500770439 /* PersonCenterModule_VM */,
				56C369CE24AC728500770439 /* PersonCenterModule_C */,
				56C369D024AC728500770439 /* PersonCenterModule_V */,
			);
			path = PersonCenterModule;
			sourceTree = "<group>";
		};
		56C369CC24AC728500770439 /* PersonCenterModule_VM */ = {
			isa = PBXGroup;
			children = (
				56C369CD24AC728500770439 /* PersonCenterVM.swift */,
				56DCADD324AC7C6C00D8E69E /* NBPersonCenterVModel.swift */,
			);
			path = PersonCenterModule_VM;
			sourceTree = "<group>";
		};
		56C369CE24AC728500770439 /* PersonCenterModule_C */ = {
			isa = PBXGroup;
			children = (
				56C369CF24AC728500770439 /* PersonCenterViewController.swift */,
			);
			path = PersonCenterModule_C;
			sourceTree = "<group>";
		};
		56C369D024AC728500770439 /* PersonCenterModule_V */ = {
			isa = PBXGroup;
			children = (
				56DCADD524AC7DBE00D8E69E /* NBPersonCenterUserTableViewCell.swift */,
				56DCADD624AC7DBE00D8E69E /* NBPersonCenterUserTableViewCell.xib */,
				56DCADD924AC841800D8E69E /* NBPersonCenterGroupTableViewCell.swift */,
				56DCADDA24AC841800D8E69E /* NBPersonCenterGroupTableViewCell.xib */,
				56424FAD24AD8953000BEAFC /* NBPersoncenterUserNormalTableViewCell.swift */,
				56424FAE24AD8953000BEAFC /* NBPersoncenterUserNormalTableViewCell.xib */,
				56424FB124AD8DBD000BEAFC /* NBPersoncenterLogoutTableViewCell.swift */,
				56424FB224AD8DBD000BEAFC /* NBPersoncenterLogoutTableViewCell.xib */,
			);
			path = PersonCenterModule_V;
			sourceTree = "<group>";
		};
		56C369D924AC73D400770439 /* UIUti */ = {
			isa = PBXGroup;
			children = (
				56C369D524AC734800770439 /* IHTBaseSwiftViewController.swift */,
				56C369D724AC738D00770439 /* IHTUIConfig.swift */,
			);
			path = UIUti;
			sourceTree = "<group>";
		};
		56DCADDD24AC8AF200D8E69E /* BizUti */ = {
			isa = PBXGroup;
			children = (
				56DCADDE24AC8B0200D8E69E /* NBBizConfig.swift */,
			);
			path = BizUti;
			sourceTree = "<group>";
		};
		74F6F8DC50AF51241DF5B366 /* Frameworks */ = {
			isa = PBXGroup;
			children = (
				B629AE1BDA539A4FFBED49A2 /* libPods-NightBusiness.a */,
			);
			name = Frameworks;
			sourceTree = "<group>";
		};
		C8C94A373546EDD3055F426A /* Pods */ = {
			isa = PBXGroup;
			children = (
				2D5811A444AA8DD2BA3A0D4B /* Pods-NightBusiness.debug.xcconfig */,
				8185420DA230179A7BC443A5 /* Pods-NightBusiness.release.xcconfig */,
			);
			path = Pods;
			sourceTree = "<group>";
		};
/* End PBXGroup section */

/* Begin PBXNativeTarget section */
		56C3699024AC706F00770439 /* NightBusiness */ = {
			isa = PBXNativeTarget;
			buildConfigurationList = 56C369BB24AC707100770439 /* Build configuration list for PBXNativeTarget "NightBusiness" */;
			buildPhases = (
				A43AF2E1EE1025203ABDF12A /* [CP] Check Pods Manifest.lock */,
				56C3698D24AC706F00770439 /* Sources */,
				56C3698E24AC706F00770439 /* Frameworks */,
				56C3698F24AC706F00770439 /* Resources */,
				64088F01D53B149C39CF9B82 /* [CP] Copy Pods Resources */,
			);
			buildRules = (
			);
			dependencies = (
			);
			name = NightBusiness;
			productName = NightBusiness;
			productReference = 56C3699124AC706F00770439 /* NightBusiness.app */;
			productType = "com.apple.product-type.application";
		};
		56C369A624AC707100770439 /* NightBusinessTests */ = {
			isa = PBXNativeTarget;
			buildConfigurationList = 56C369BE24AC707100770439 /* Build configuration list for PBXNativeTarget "NightBusinessTests" */;
			buildPhases = (
				56C369A324AC707100770439 /* Sources */,
				56C369A424AC707100770439 /* Frameworks */,
				56C369A524AC707100770439 /* Resources */,
			);
			buildRules = (
			);
			dependencies = (
				56C369A924AC707100770439 /* PBXTargetDependency */,
			);
			name = NightBusinessTests;
			productName = NightBusinessTests;
			productReference = 56C369A724AC707100770439 /* NightBusinessTests.xctest */;
			productType = "com.apple.product-type.bundle.unit-test";
		};
		56C369B124AC707100770439 /* NightBusinessUITests */ = {
			isa = PBXNativeTarget;
			buildConfigurationList = 56C369C124AC707100770439 /* Build configuration list for PBXNativeTarget "NightBusinessUITests" */;
			buildPhases = (
				56C369AE24AC707100770439 /* Sources */,
				56C369AF24AC707100770439 /* Frameworks */,
				56C369B024AC707100770439 /* Resources */,
			);
			buildRules = (
			);
			dependencies = (
				56C369B424AC707100770439 /* PBXTargetDependency */,
			);
			name = NightBusinessUITests;
			productName = NightBusinessUITests;
			productReference = 56C369B224AC707100770439 /* NightBusinessUITests.xctest */;
			productType = "com.apple.product-type.bundle.ui-testing";
		};
/* End PBXNativeTarget section */

/* Begin PBXProject section */
		56C3698924AC706F00770439 /* Project object */ = {
			isa = PBXProject;
			attributes = {
				CLASSPREFIX = NB;
				LastSwiftUpdateCheck = 1150;
				LastUpgradeCheck = 1150;
				ORGANIZATIONNAME = SWZ;
				TargetAttributes = {
					56C3699024AC706F00770439 = {
						CreatedOnToolsVersion = 11.5;
					};
					56C369A624AC707100770439 = {
						CreatedOnToolsVersion = 11.5;
						TestTargetID = 56C3699024AC706F00770439;
					};
					56C369B124AC707100770439 = {
						CreatedOnToolsVersion = 11.5;
						TestTargetID = 56C3699024AC706F00770439;
					};
				};
			};
			buildConfigurationList = 56C3698C24AC706F00770439 /* Build configuration list for PBXProject "NightBusiness" */;
			compatibilityVersion = "Xcode 9.3";
			developmentRegion = en;
			hasScannedForEncodings = 0;
			knownRegions = (
				en,
				Base,
			);
			mainGroup = 56C3698824AC706F00770439;
			productRefGroup = 56C3699224AC706F00770439 /* Products */;
			projectDirPath = "";
			projectRoot = "";
			targets = (
				56C3699024AC706F00770439 /* NightBusiness */,
				56C369A624AC707100770439 /* NightBusinessTests */,
				56C369B124AC707100770439 /* NightBusinessUITests */,
			);
		};
/* End PBXProject section */

/* Begin PBXResourcesBuildPhase section */
		56C3698F24AC706F00770439 /* Resources */ = {
			isa = PBXResourcesBuildPhase;
			buildActionMask = 2147483647;
			files = (
				56C369A124AC707100770439 /* LaunchScreen.storyboard in Resources */,
				56C3699E24AC707100770439 /* Assets.xcassets in Resources */,
				56DCADD824AC7DBE00D8E69E /* NBPersonCenterUserTableViewCell.xib in Resources */,
				560CEF1424AF02DA007A4558 /* emptyvw in Resources */,
				56DCADDC24AC841800D8E69E /* NBPersonCenterGroupTableViewCell.xib in Resources */,
				56C3699C24AC706F00770439 /* Main.storyboard in Resources */,
				56424FB424AD8DBD000BEAFC /* NBPersoncenterLogoutTableViewCell.xib in Resources */,
				56424FB024AD8953000BEAFC /* NBPersoncenterUserNormalTableViewCell.xib in Resources */,
			);
			runOnlyForDeploymentPostprocessing = 0;
		};
		56C369A524AC707100770439 /* Resources */ = {
			isa = PBXResourcesBuildPhase;
			buildActionMask = 2147483647;
			files = (
			);
			runOnlyForDeploymentPostprocessing = 0;
		};
		56C369B024AC707100770439 /* Resources */ = {
			isa = PBXResourcesBuildPhase;
			buildActionMask = 2147483647;
			files = (
			);
			runOnlyForDeploymentPostprocessing = 0;
		};
/* End PBXResourcesBuildPhase section */

/* Begin PBXShellScriptBuildPhase section */
		64088F01D53B149C39CF9B82 /* [CP] Copy Pods Resources */ = {
			isa = PBXShellScriptBuildPhase;
			buildActionMask = 2147483647;
			files = (
			);
			inputFileListPaths = (
				"${PODS_ROOT}/Target Support Files/Pods-NightBusiness/Pods-NightBusiness-resources-${CONFIGURATION}-input-files.xcfilelist",
			);
			name = "[CP] Copy Pods Resources";
			outputFileListPaths = (
				"${PODS_ROOT}/Target Support Files/Pods-NightBusiness/Pods-NightBusiness-resources-${CONFIGURATION}-output-files.xcfilelist",
			);
			runOnlyForDeploymentPostprocessing = 0;
			shellPath = /bin/sh;
			shellScript = "\"${PODS_ROOT}/Target Support Files/Pods-NightBusiness/Pods-NightBusiness-resources.sh\"\n";
			showEnvVarsInLog = 0;
		};
		A43AF2E1EE1025203ABDF12A /* [CP] Check Pods Manifest.lock */ = {
			isa = PBXShellScriptBuildPhase;
			buildActionMask = 2147483647;
			files = (
			);
			inputFileListPaths = (
			);
			inputPaths = (
				"${PODS_PODFILE_DIR_PATH}/Podfile.lock",
				"${PODS_ROOT}/Manifest.lock",
			);
			name = "[CP] Check Pods Manifest.lock";
			outputFileListPaths = (
			);
			outputPaths = (
				"$(DERIVED_FILE_DIR)/Pods-NightBusiness-checkManifestLockResult.txt",
			);
			runOnlyForDeploymentPostprocessing = 0;
			shellPath = /bin/sh;
			shellScript = "diff \"${PODS_PODFILE_DIR_PATH}/Podfile.lock\" \"${PODS_ROOT}/Manifest.lock\" > /dev/null\nif [ $? != 0 ] ; then\n    # print error to STDERR\n    echo \"error: The sandbox is not in sync with the Podfile.lock. Run 'pod install' or update your CocoaPods installation.\" >&2\n    exit 1\nfi\n# This output is used by Xcode 'outputs' to avoid re-running this script phase.\necho \"SUCCESS\" > \"${SCRIPT_OUTPUT_FILE_0}\"\n";
			showEnvVarsInLog = 0;
		};
/* End PBXShellScriptBuildPhase section */

/* Begin PBXSourcesBuildPhase section */
		56C3698D24AC706F00770439 /* Sources */ = {
			isa = PBXSourcesBuildPhase;
			buildActionMask = 2147483647;
			files = (
				56DCADDF24AC8B0200D8E69E /* NBBizConfig.swift in Sources */,
				56C369D824AC738D00770439 /* IHTUIConfig.swift in Sources */,
				560CEF2324AF09BB007A4558 /* MainpageVM.swift in Sources */,
				56C3699924AC706F00770439 /* ViewController.swift in Sources */,
				56C369D324AC728500770439 /* PersonCenterViewController.swift in Sources */,
				56C3699524AC706F00770439 /* AppDelegate.swift in Sources */,
				56424FB324AD8DBD000BEAFC /* NBPersoncenterLogoutTableViewCell.swift in Sources */,
				56424FAF24AD8953000BEAFC /* NBPersoncenterUserNormalTableViewCell.swift in Sources */,
				560CEF2524AF0AD7007A4558 /* NBMainpagetopVw.swift in Sources */,
				56DCADD424AC7C6C00D8E69E /* NBPersonCenterVModel.swift in Sources */,
				560CEF2224AF09BB007A4558 /* MainpageViewController.swift in Sources */,
				56C369D224AC728500770439 /* PersonCenterVM.swift in Sources */,
				560CEF1624AF02DA007A4558 /* MainTabbarViewController.swift in Sources */,
				560CEF1524AF02DA007A4558 /* MainTabbarVM.swift in Sources */,
				56DCADD724AC7DBE00D8E69E /* NBPersonCenterUserTableViewCell.swift in Sources */,
				56DCADDB24AC841800D8E69E /* NBPersonCenterGroupTableViewCell.swift in Sources */,
				56C369D624AC734800770439 /* IHTBaseSwiftViewController.swift in Sources */,
				56C3699724AC706F00770439 /* SceneDelegate.swift in Sources */,
			);
			runOnlyForDeploymentPostprocessing = 0;
		};
		56C369A324AC707100770439 /* Sources */ = {
			isa = PBXSourcesBuildPhase;
			buildActionMask = 2147483647;
			files = (
				56C369AC24AC707100770439 /* NightBusinessTests.swift in Sources */,
			);
			runOnlyForDeploymentPostprocessing = 0;
		};
		56C369AE24AC707100770439 /* Sources */ = {
			isa = PBXSourcesBuildPhase;
			buildActionMask = 2147483647;
			files = (
				56C369B724AC707100770439 /* NightBusinessUITests.swift in Sources */,
			);
			runOnlyForDeploymentPostprocessing = 0;
		};
/* End PBXSourcesBuildPhase section */

/* Begin PBXTargetDependency section */
		56C369A924AC707100770439 /* PBXTargetDependency */ = {
			isa = PBXTargetDependency;
			target = 56C3699024AC706F00770439 /* NightBusiness */;
			targetProxy = 56C369A824AC707100770439 /* PBXContainerItemProxy */;
		};
		56C369B424AC707100770439 /* PBXTargetDependency */ = {
			isa = PBXTargetDependency;
			target = 56C3699024AC706F00770439 /* NightBusiness */;
			targetProxy = 56C369B324AC707100770439 /* PBXContainerItemProxy */;
		};
/* End PBXTargetDependency section */

/* Begin PBXVariantGroup section */
		56C3699A24AC706F00770439 /* Main.storyboard */ = {
			isa = PBXVariantGroup;
			children = (
				56C3699B24AC706F00770439 /* Base */,
			);
			name = Main.storyboard;
			sourceTree = "<group>";
		};
		56C3699F24AC707100770439 /* LaunchScreen.storyboard */ = {
			isa = PBXVariantGroup;
			children = (
				56C369A024AC707100770439 /* Base */,
			);
			name = LaunchScreen.storyboard;
			sourceTree = "<group>";
		};
/* End PBXVariantGroup section */

/* Begin XCBuildConfiguration section */
		56C369B924AC707100770439 /* Debug */ = {
			isa = XCBuildConfiguration;
			buildSettings = {
				ALWAYS_SEARCH_USER_PATHS = NO;
				CLANG_ANALYZER_NONNULL = YES;
				CLANG_ANALYZER_NUMBER_OBJECT_CONVERSION = YES_AGGRESSIVE;
				CLANG_CXX_LANGUAGE_STANDARD = "gnu++14";
				CLANG_CXX_LIBRARY = "libc++";
				CLANG_ENABLE_MODULES = YES;
				CLANG_ENABLE_OBJC_ARC = YES;
				CLANG_ENABLE_OBJC_WEAK = YES;
				CLANG_WARN_BLOCK_CAPTURE_AUTORELEASING = YES;
				CLANG_WARN_BOOL_CONVERSION = YES;
				CLANG_WARN_COMMA = YES;
				CLANG_WARN_CONSTANT_CONVERSION = YES;
				CLANG_WARN_DEPRECATED_OBJC_IMPLEMENTATIONS = YES;
				CLANG_WARN_DIRECT_OBJC_ISA_USAGE = YES_ERROR;
				CLANG_WARN_DOCUMENTATION_COMMENTS = YES;
				CLANG_WARN_EMPTY_BODY = YES;
				CLANG_WARN_ENUM_CONVERSION = YES;
				CLANG_WARN_INFINITE_RECURSION = YES;
				CLANG_WARN_INT_CONVERSION = YES;
				CLANG_WARN_NON_LITERAL_NULL_CONVERSION = YES;
				CLANG_WARN_OBJC_IMPLICIT_RETAIN_SELF = YES;
				CLANG_WARN_OBJC_LITERAL_CONVERSION = YES;
				CLANG_WARN_OBJC_ROOT_CLASS = YES_ERROR;
				CLANG_WARN_RANGE_LOOP_ANALYSIS = YES;
				CLANG_WARN_STRICT_PROTOTYPES = YES;
				CLANG_WARN_SUSPICIOUS_MOVE = YES;
				CLANG_WARN_UNGUARDED_AVAILABILITY = YES_AGGRESSIVE;
				CLANG_WARN_UNREACHABLE_CODE = YES;
				CLANG_WARN__DUPLICATE_METHOD_MATCH = YES;
				COPY_PHASE_STRIP = NO;
				DEBUG_INFORMATION_FORMAT = dwarf;
				ENABLE_STRICT_OBJC_MSGSEND = YES;
				ENABLE_TESTABILITY = YES;
				GCC_C_LANGUAGE_STANDARD = gnu11;
				GCC_DYNAMIC_NO_PIC = NO;
				GCC_NO_COMMON_BLOCKS = YES;
				GCC_OPTIMIZATION_LEVEL = 0;
				GCC_PREPROCESSOR_DEFINITIONS = (
					"DEBUG=1",
					"$(inherited)",
				);
				GCC_WARN_64_TO_32_BIT_CONVERSION = YES;
				GCC_WARN_ABOUT_RETURN_TYPE = YES_ERROR;
				GCC_WARN_UNDECLARED_SELECTOR = YES;
				GCC_WARN_UNINITIALIZED_AUTOS = YES_AGGRESSIVE;
				GCC_WARN_UNUSED_FUNCTION = YES;
				GCC_WARN_UNUSED_VARIABLE = YES;
				IPHONEOS_DEPLOYMENT_TARGET = 13.5;
				MTL_ENABLE_DEBUG_INFO = INCLUDE_SOURCE;
				MTL_FAST_MATH = YES;
				ONLY_ACTIVE_ARCH = YES;
				SDKROOT = iphoneos;
				SWIFT_ACTIVE_COMPILATION_CONDITIONS = DEBUG;
				SWIFT_OPTIMIZATION_LEVEL = "-Onone";
			};
			name = Debug;
		};
		56C369BA24AC707100770439 /* Release */ = {
			isa = XCBuildConfiguration;
			buildSettings = {
				ALWAYS_SEARCH_USER_PATHS = NO;
				CLANG_ANALYZER_NONNULL = YES;
				CLANG_ANALYZER_NUMBER_OBJECT_CONVERSION = YES_AGGRESSIVE;
				CLANG_CXX_LANGUAGE_STANDARD = "gnu++14";
				CLANG_CXX_LIBRARY = "libc++";
				CLANG_ENABLE_MODULES = YES;
				CLANG_ENABLE_OBJC_ARC = YES;
				CLANG_ENABLE_OBJC_WEAK = YES;
				CLANG_WARN_BLOCK_CAPTURE_AUTORELEASING = YES;
				CLANG_WARN_BOOL_CONVERSION = YES;
				CLANG_WARN_COMMA = YES;
				CLANG_WARN_CONSTANT_CONVERSION = YES;
				CLANG_WARN_DEPRECATED_OBJC_IMPLEMENTATIONS = YES;
				CLANG_WARN_DIRECT_OBJC_ISA_USAGE = YES_ERROR;
				CLANG_WARN_DOCUMENTATION_COMMENTS = YES;
				CLANG_WARN_EMPTY_BODY = YES;
				CLANG_WARN_ENUM_CONVERSION = YES;
				CLANG_WARN_INFINITE_RECURSION = YES;
				CLANG_WARN_INT_CONVERSION = YES;
				CLANG_WARN_NON_LITERAL_NULL_CONVERSION = YES;
				CLANG_WARN_OBJC_IMPLICIT_RETAIN_SELF = YES;
				CLANG_WARN_OBJC_LITERAL_CONVERSION = YES;
				CLANG_WARN_OBJC_ROOT_CLASS = YES_ERROR;
				CLANG_WARN_RANGE_LOOP_ANALYSIS = YES;
				CLANG_WARN_STRICT_PROTOTYPES = YES;
				CLANG_WARN_SUSPICIOUS_MOVE = YES;
				CLANG_WARN_UNGUARDED_AVAILABILITY = YES_AGGRESSIVE;
				CLANG_WARN_UNREACHABLE_CODE = YES;
				CLANG_WARN__DUPLICATE_METHOD_MATCH = YES;
				COPY_PHASE_STRIP = NO;
				DEBUG_INFORMATION_FORMAT = "dwarf-with-dsym";
				ENABLE_NS_ASSERTIONS = NO;
				ENABLE_STRICT_OBJC_MSGSEND = YES;
				GCC_C_LANGUAGE_STANDARD = gnu11;
				GCC_NO_COMMON_BLOCKS = YES;
				GCC_WARN_64_TO_32_BIT_CONVERSION = YES;
				GCC_WARN_ABOUT_RETURN_TYPE = YES_ERROR;
				GCC_WARN_UNDECLARED_SELECTOR = YES;
				GCC_WARN_UNINITIALIZED_AUTOS = YES_AGGRESSIVE;
				GCC_WARN_UNUSED_FUNCTION = YES;
				GCC_WARN_UNUSED_VARIABLE = YES;
				IPHONEOS_DEPLOYMENT_TARGET = 13.5;
				MTL_ENABLE_DEBUG_INFO = NO;
				MTL_FAST_MATH = YES;
				SDKROOT = iphoneos;
				SWIFT_COMPILATION_MODE = wholemodule;
				SWIFT_OPTIMIZATION_LEVEL = "-O";
				VALIDATE_PRODUCT = YES;
			};
			name = Release;
		};
		56C369BC24AC707100770439 /* Debug */ = {
			isa = XCBuildConfiguration;
			baseConfigurationReference = 2D5811A444AA8DD2BA3A0D4B /* Pods-NightBusiness.debug.xcconfig */;
			buildSettings = {
				ASSETCATALOG_COMPILER_APPICON_NAME = AppIcon;
				CODE_SIGN_STYLE = Automatic;
				DEVELOPMENT_TEAM = NVGL8H4887;
				INFOPLIST_FILE = NightBusiness/Info.plist;
				LD_RUNPATH_SEARCH_PATHS = (
					"$(inherited)",
					"@executable_path/Frameworks",
				);
				PRODUCT_BUNDLE_IDENTIFIER = com.Noahshan.NightBusiness;
				PRODUCT_NAME = "$(TARGET_NAME)";
				SWIFT_VERSION = 5.0;
				TARGETED_DEVICE_FAMILY = "1,2";
			};
			name = Debug;
		};
		56C369BD24AC707100770439 /* Release */ = {
			isa = XCBuildConfiguration;
			baseConfigurationReference = 8185420DA230179A7BC443A5 /* Pods-NightBusiness.release.xcconfig */;
			buildSettings = {
				ASSETCATALOG_COMPILER_APPICON_NAME = AppIcon;
				CODE_SIGN_STYLE = Automatic;
				DEVELOPMENT_TEAM = NVGL8H4887;
				INFOPLIST_FILE = NightBusiness/Info.plist;
				LD_RUNPATH_SEARCH_PATHS = (
					"$(inherited)",
					"@executable_path/Frameworks",
				);
				PRODUCT_BUNDLE_IDENTIFIER = com.Noahshan.NightBusiness;
				PRODUCT_NAME = "$(TARGET_NAME)";
				SWIFT_VERSION = 5.0;
				TARGETED_DEVICE_FAMILY = "1,2";
			};
			name = Release;
		};
		56C369BF24AC707100770439 /* Debug */ = {
			isa = XCBuildConfiguration;
			buildSettings = {
				ALWAYS_EMBED_SWIFT_STANDARD_LIBRARIES = YES;
				BUNDLE_LOADER = "$(TEST_HOST)";
				CODE_SIGN_STYLE = Automatic;
				DEVELOPMENT_TEAM = NVGL8H4887;
				INFOPLIST_FILE = NightBusinessTests/Info.plist;
				IPHONEOS_DEPLOYMENT_TARGET = 13.5;
				LD_RUNPATH_SEARCH_PATHS = (
					"$(inherited)",
					"@executable_path/Frameworks",
					"@loader_path/Frameworks",
				);
				PRODUCT_BUNDLE_IDENTIFIER = com.Noahshan.NightBusinessTests;
				PRODUCT_NAME = "$(TARGET_NAME)";
				SWIFT_VERSION = 5.0;
				TARGETED_DEVICE_FAMILY = "1,2";
				TEST_HOST = "$(BUILT_PRODUCTS_DIR)/NightBusiness.app/NightBusiness";
			};
			name = Debug;
		};
		56C369C024AC707100770439 /* Release */ = {
			isa = XCBuildConfiguration;
			buildSettings = {
				ALWAYS_EMBED_SWIFT_STANDARD_LIBRARIES = YES;
				BUNDLE_LOADER = "$(TEST_HOST)";
				CODE_SIGN_STYLE = Automatic;
				DEVELOPMENT_TEAM = NVGL8H4887;
				INFOPLIST_FILE = NightBusinessTests/Info.plist;
				IPHONEOS_DEPLOYMENT_TARGET = 13.5;
				LD_RUNPATH_SEARCH_PATHS = (
					"$(inherited)",
					"@executable_path/Frameworks",
					"@loader_path/Frameworks",
				);
				PRODUCT_BUNDLE_IDENTIFIER = com.Noahshan.NightBusinessTests;
				PRODUCT_NAME = "$(TARGET_NAME)";
				SWIFT_VERSION = 5.0;
				TARGETED_DEVICE_FAMILY = "1,2";
				TEST_HOST = "$(BUILT_PRODUCTS_DIR)/NightBusiness.app/NightBusiness";
			};
			name = Release;
		};
		56C369C224AC707100770439 /* Debug */ = {
			isa = XCBuildConfiguration;
			buildSettings = {
				ALWAYS_EMBED_SWIFT_STANDARD_LIBRARIES = YES;
				CODE_SIGN_STYLE = Automatic;
				DEVELOPMENT_TEAM = NVGL8H4887;
				INFOPLIST_FILE = NightBusinessUITests/Info.plist;
				LD_RUNPATH_SEARCH_PATHS = (
					"$(inherited)",
					"@executable_path/Frameworks",
					"@loader_path/Frameworks",
				);
				PRODUCT_BUNDLE_IDENTIFIER = com.Noahshan.NightBusinessUITests;
				PRODUCT_NAME = "$(TARGET_NAME)";
				SWIFT_VERSION = 5.0;
				TARGETED_DEVICE_FAMILY = "1,2";
				TEST_TARGET_NAME = NightBusiness;
			};
			name = Debug;
		};
		56C369C324AC707100770439 /* Release */ = {
			isa = XCBuildConfiguration;
			buildSettings = {
				ALWAYS_EMBED_SWIFT_STANDARD_LIBRARIES = YES;
				CODE_SIGN_STYLE = Automatic;
				DEVELOPMENT_TEAM = NVGL8H4887;
				INFOPLIST_FILE = NightBusinessUITests/Info.plist;
				LD_RUNPATH_SEARCH_PATHS = (
					"$(inherited)",
					"@executable_path/Frameworks",
					"@loader_path/Frameworks",
				);
				PRODUCT_BUNDLE_IDENTIFIER = com.Noahshan.NightBusinessUITests;
				PRODUCT_NAME = "$(TARGET_NAME)";
				SWIFT_VERSION = 5.0;
				TARGETED_DEVICE_FAMILY = "1,2";
				TEST_TARGET_NAME = NightBusiness;
			};
			name = Release;
		};
/* End XCBuildConfiguration section */

/* Begin XCConfigurationList section */
		56C3698C24AC706F00770439 /* Build configuration list for PBXProject "NightBusiness" */ = {
			isa = XCConfigurationList;
			buildConfigurations = (
				56C369B924AC707100770439 /* Debug */,
				56C369BA24AC707100770439 /* Release */,
			);
			defaultConfigurationIsVisible = 0;
			defaultConfigurationName = Release;
		};
		56C369BB24AC707100770439 /* Build configuration list for PBXNativeTarget "NightBusiness" */ = {
			isa = XCConfigurationList;
			buildConfigurations = (
				56C369BC24AC707100770439 /* Debug */,
				56C369BD24AC707100770439 /* Release */,
			);
			defaultConfigurationIsVisible = 0;
			defaultConfigurationName = Release;
		};
		56C369BE24AC707100770439 /* Build configuration list for PBXNativeTarget "NightBusinessTests" */ = {
			isa = XCConfigurationList;
			buildConfigurations = (
				56C369BF24AC707100770439 /* Debug */,
				56C369C024AC707100770439 /* Release */,
			);
			defaultConfigurationIsVisible = 0;
			defaultConfigurationName = Release;
		};
		56C369C124AC707100770439 /* Build configuration list for PBXNativeTarget "NightBusinessUITests" */ = {
			isa = XCConfigurationList;
			buildConfigurations = (
				56C369C224AC707100770439 /* Debug */,
				56C369C324AC707100770439 /* Release */,
			);
			defaultConfigurationIsVisible = 0;
			defaultConfigurationName = Release;
		};
/* End XCConfigurationList section */
	};
	rootObject = 56C3698924AC706F00770439 /* Project object */;
}
